{
  "name": "@misonou/react-app-utils",
  "version": "1.5.2",
  "lockfileVersion": 2,
  "requires": true,
  "packages": {
    "": {
      "name": "@misonou/react-app-utils",
      "version": "1.5.2",
      "license": "ISC",
      "dependencies": {
        "@misonou/react-css-utils": "^1.0.1",
        "brew-js": ">=0.5.11",
        "brew-js-react": ">=0.3.1",
        "waterpipe": "^2.7.0",
        "zeta-dom": ">=0.5.0"
      },
      "peerDependencies": {
        "react": ">=16.8.0",
        "react-dom": ">=16.8.0"
      }
    },
    "node_modules/@misonou/react-css-utils": {
      "version": "1.0.1",
      "resolved": "https://registry.npmjs.org/@misonou/react-css-utils/-/react-css-utils-1.0.1.tgz",
      "integrity": "sha512-mQ9TvuTnlP2vdnmSnLkcWTmKBDXyAUiGBigIQ/4FaIRUqMC3d4Mh4pD08f+RuZthbwrNONVwtSc2up/dovaP2Q==",
      "dependencies": {
        "jquery": "^3.5.0",
        "zeta-dom": ">=0.2.9",
        "zeta-dom-react": ">=0.3.1"
      },
      "peerDependencies": {
        "react": ">=16.8.0",
        "react-dom": ">=16.8.0"
      }
    },
    "node_modules/brew-js": {
      "version": "0.5.13",
      "resolved": "https://registry.npmjs.org/brew-js/-/brew-js-0.5.13.tgz",
      "integrity": "sha512-4zVq46IPmYhdCJs9TvmAvokZVhBPHbuJljEz0jW/ESLg3AO2NAag2+Q5eZqSl4tqXfyGQI6Q33EZOu9e4O/88w==",
      "dependencies": {
        "jq-scrollable": "^1.12.0",
        "jquery": "^3.0.0",
        "lz-string": "^1.5.0",
        "waterpipe": "^2.7.0",
        "zeta-dom": ">=0.4.5"
      },
      "optionalDependencies": {
        "promise-polyfill": "^8.2.0"
      }
    },
    "node_modules/brew-js-react": {
      "version": "0.3.1",
      "resolved": "https://registry.npmjs.org/brew-js-react/-/brew-js-react-0.3.1.tgz",
      "integrity": "sha512-RYk03W+sJr7dJe21xtXXsZXrGtLvexNtoyIeRcMQO66LXoIuRwh4TL/bMUXyKv2B8jPaU0nWWGKNbHfFJdxIzw==",
      "dependencies": {
        "brew-js": ">=0.4.7",
        "waterpipe": "^2.5.0",
        "zeta-dom": ">=0.3.1",
        "zeta-dom-react": ">=0.2.1"
      },
      "peerDependencies": {
        "react": ">=16.8.0",
        "react-dom": ">=16.8.0"
      }
    },
    "node_modules/jq-scrollable": {
      "version": "1.12.3",
      "resolved": "https://registry.npmjs.org/jq-scrollable/-/jq-scrollable-1.12.3.tgz",
      "integrity": "sha512-xbtlRbYPBA0THaF08/9CBtfJrBCe14NgZ1lMudHxd1BJAjG0x8YxyzV44yWPrY/GE1QjNjQX3XEeFphaPC6BDA==",
      "dependencies": {
        "jquery": "^3.5.1"
      }
    },
    "node_modules/jquery": {
      "version": "3.6.4",
      "resolved": "https://registry.npmjs.org/jquery/-/jquery-3.6.4.tgz",
      "integrity": "sha512-v28EW9DWDFpzcD9O5iyJXg3R3+q+mET5JhnjJzQUZMHOv67bpSIHq81GEYpPNZHG+XXHsfSme3nxp/hndKEcsQ=="
    },
    "node_modules/js-tokens": {
      "version": "4.0.0",
      "resolved": "https://registry.npmjs.org/js-tokens/-/js-tokens-4.0.0.tgz",
      "integrity": "sha512-RdJUflcE3cUzKiMqQgsCu06FPu9UdIJO0beYbPhHN4k6apgJtifcoCtT9bcxOpYBtpD2kCM6Sbzg4CausW/PKQ==",
      "peer": true
    },
    "node_modules/loose-envify": {
      "version": "1.4.0",
      "resolved": "https://registry.npmjs.org/loose-envify/-/loose-envify-1.4.0.tgz",
      "integrity": "sha512-lyuxPGr/Wfhrlem2CL/UcnUc1zcqKAImBDzukY7Y5F/yQiNdko6+fRLevlw1HgMySw7f611UIY408EtxRSoK3Q==",
      "peer": true,
      "dependencies": {
        "js-tokens": "^3.0.0 || ^4.0.0"
      },
      "bin": {
        "loose-envify": "cli.js"
      }
    },
    "node_modules/lz-string": {
      "version": "1.5.0",
      "resolved": "https://registry.npmjs.org/lz-string/-/lz-string-1.5.0.tgz",
      "integrity": "sha512-h5bgJWpxJNswbU7qCrV0tIKQCaS3blPDrqKWx+QxzuzL1zGUzij9XCWLrSLsJPu5t+eWA/ycetzYAO5IOMcWAQ==",
      "bin": {
        "lz-string": "bin/bin.js"
      }
    },
    "node_modules/promise-polyfill": {
      "version": "8.3.0",
      "resolved": "https://registry.npmjs.org/promise-polyfill/-/promise-polyfill-8.3.0.tgz",
      "integrity": "sha512-H5oELycFml5yto/atYqmjyigJoAo3+OXwolYiH7OfQuYlAqhxNvTfiNMbV9hsC6Yp83yE5r2KTVmtrG6R9i6Pg==",
      "optional": true
    },
    "node_modules/react": {
      "version": "18.2.0",
      "resolved": "https://registry.npmjs.org/react/-/react-18.2.0.tgz",
      "integrity": "sha512-/3IjMdb2L9QbBdWiW5e3P2/npwMBaU9mHCSCUzNln0ZCYbcfTsGbTJrU/kGemdH2IWmB2ioZ+zkxtmq6g09fGQ==",
      "peer": true,
      "dependencies": {
        "loose-envify": "^1.1.0"
      },
      "engines": {
        "node": ">=0.10.0"
      }
    },
    "node_modules/react-dom": {
      "version": "18.2.0",
      "resolved": "https://registry.npmjs.org/react-dom/-/react-dom-18.2.0.tgz",
      "integrity": "sha512-6IMTriUmvsjHUjNtEDudZfuDQUoWXVxKHhlEGSk81n4YFS+r/Kl99wXiwlVXtPBtJenozv2P+hxDsw9eA7Xo6g==",
      "peer": true,
      "dependencies": {
        "loose-envify": "^1.1.0",
        "scheduler": "^0.23.0"
      },
      "peerDependencies": {
        "react": "^18.2.0"
      }
    },
    "node_modules/scheduler": {
      "version": "0.23.0",
      "resolved": "https://registry.npmjs.org/scheduler/-/scheduler-0.23.0.tgz",
      "integrity": "sha512-CtuThmgHNg7zIZWAXi3AsyIzA3n4xx7aNyjwC2VJldO2LMVDhFK+63xGqq6CsJH4rTAt6/M+N4GhZiDYPx9eUw==",
      "peer": true,
      "dependencies": {
        "loose-envify": "^1.1.0"
      }
    },
    "node_modules/waterpipe": {
      "version": "2.7.3",
      "resolved": "https://registry.npmjs.org/waterpipe/-/waterpipe-2.7.3.tgz",
      "integrity": "sha512-TS25XGJ6/QzP5Loum5/PNMEetoFDnSCSN+Gh9NR49EAjBvaulKVm/YZcvzSzIy/MEuEVpF38xU69EUyOt4EzVw=="
    },
    "node_modules/zeta-dom": {
      "version": "0.5.1",
      "resolved": "https://registry.npmjs.org/zeta-dom/-/zeta-dom-0.5.1.tgz",
      "integrity": "sha512-JRGWEnWHaoHdmCkWaGFr3IW2szUkCtAMNKdV0f+a/ozEx2fgoGX+sOo7YgOHXdNPFyhZH+/xQF8/zjdlhmxnww==",
      "dependencies": {
        "jquery": "^3.0.0"
      },
      "optionalDependencies": {
        "promise-polyfill": "^8.2.0"
      }
    },
    "node_modules/zeta-dom-react": {
      "version": "0.3.11",
      "resolved": "https://registry.npmjs.org/zeta-dom-react/-/zeta-dom-react-0.3.11.tgz",
      "integrity": "sha512-Z7QnVYBdMj7amc5UZnfbVBag5ty8hiBqV0oVD/hLej7UtqjkVAXTs0m/2c+bQSpcb9pbuc7LC6XeIyEuzJrsbw==",
      "dependencies": {
        "zeta-dom": ">=0.2.9"
      },
      "peerDependencies": {
        "react": ">=16.8.0"
      }
    }
  },
  "dependencies": {
    "@misonou/react-css-utils": {
      "version": "1.0.1",
      "resolved": "https://registry.npmjs.org/@misonou/react-css-utils/-/react-css-utils-1.0.1.tgz",
      "integrity": "sha512-mQ9TvuTnlP2vdnmSnLkcWTmKBDXyAUiGBigIQ/4FaIRUqMC3d4Mh4pD08f+RuZthbwrNONVwtSc2up/dovaP2Q==",
      "requires": {
        "jquery": "^3.5.0",
        "zeta-dom": ">=0.2.9",
        "zeta-dom-react": ">=0.3.1"
      }
    },
    "brew-js": {
      "version": "0.5.13",
      "resolved": "https://registry.npmjs.org/brew-js/-/brew-js-0.5.13.tgz",
      "integrity": "sha512-4zVq46IPmYhdCJs9TvmAvokZVhBPHbuJljEz0jW/ESLg3AO2NAag2+Q5eZqSl4tqXfyGQI6Q33EZOu9e4O/88w==",
      "requires": {
        "jq-scrollable": "^1.12.0",
        "jquery": "^3.0.0",
        "lz-string": "^1.5.0",
        "promise-polyfill": "^8.2.0",
        "waterpipe": "^2.7.0",
        "zeta-dom": ">=0.4.5"
      }
    },
    "brew-js-react": {
      "version": "0.3.1",
      "resolved": "https://registry.npmjs.org/brew-js-react/-/brew-js-react-0.3.1.tgz",
      "integrity": "sha512-RYk03W+sJr7dJe21xtXXsZXrGtLvexNtoyIeRcMQO66LXoIuRwh4TL/bMUXyKv2B8jPaU0nWWGKNbHfFJdxIzw==",
      "requires": {
        "brew-js": ">=0.4.7",
        "waterpipe": "^2.5.0",
        "zeta-dom": ">=0.3.1",
        "zeta-dom-react": ">=0.2.1"
      }
    },
    "jq-scrollable": {
      "version": "1.12.3",
      "resolved": "https://registry.npmjs.org/jq-scrollable/-/jq-scrollable-1.12.3.tgz",
      "integrity": "sha512-xbtlRbYPBA0THaF08/9CBtfJrBCe14NgZ1lMudHxd1BJAjG0x8YxyzV44yWPrY/GE1QjNjQX3XEeFphaPC6BDA==",
      "requires": {
        "jquery": "^3.5.1"
      }
    },
    "jquery": {
      "version": "3.6.4",
      "resolved": "https://registry.npmjs.org/jquery/-/jquery-3.6.4.tgz",
      "integrity": "sha512-v28EW9DWDFpzcD9O5iyJXg3R3+q+mET5JhnjJzQUZMHOv67bpSIHq81GEYpPNZHG+XXHsfSme3nxp/hndKEcsQ=="
    },
    "js-tokens": {
      "version": "4.0.0",
      "resolved": "https://registry.npmjs.org/js-tokens/-/js-tokens-4.0.0.tgz",
      "integrity": "sha512-RdJUflcE3cUzKiMqQgsCu06FPu9UdIJO0beYbPhHN4k6apgJtifcoCtT9bcxOpYBtpD2kCM6Sbzg4CausW/PKQ==",
      "peer": true
    },
    "loose-envify": {
      "version": "1.4.0",
      "resolved": "https://registry.npmjs.org/loose-envify/-/loose-envify-1.4.0.tgz",
      "integrity": "sha512-lyuxPGr/Wfhrlem2CL/UcnUc1zcqKAImBDzukY7Y5F/yQiNdko6+fRLevlw1HgMySw7f611UIY408EtxRSoK3Q==",
      "peer": true,
      "requires": {
        "js-tokens": "^3.0.0 || ^4.0.0"
      }
    },
    "lz-string": {
      "version": "1.5.0",
      "resolved": "https://registry.npmjs.org/lz-string/-/lz-string-1.5.0.tgz",
      "integrity": "sha512-h5bgJWpxJNswbU7qCrV0tIKQCaS3blPDrqKWx+QxzuzL1zGUzij9XCWLrSLsJPu5t+eWA/ycetzYAO5IOMcWAQ=="
    },
    "promise-polyfill": {
      "version": "8.3.0",
      "resolved": "https://registry.npmjs.org/promise-polyfill/-/promise-polyfill-8.3.0.tgz",
      "integrity": "sha512-H5oELycFml5yto/atYqmjyigJoAo3+OXwolYiH7OfQuYlAqhxNvTfiNMbV9hsC6Yp83yE5r2KTVmtrG6R9i6Pg==",
      "optional": true
    },
    "react": {
      "version": "18.2.0",
      "resolved": "https://registry.npmjs.org/react/-/react-18.2.0.tgz",
      "integrity": "sha512-/3IjMdb2L9QbBdWiW5e3P2/npwMBaU9mHCSCUzNln0ZCYbcfTsGbTJrU/kGemdH2IWmB2ioZ+zkxtmq6g09fGQ==",
      "peer": true,
      "requires": {
        "loose-envify": "^1.1.0"
      }
    },
    "react-dom": {
      "version": "18.2.0",
      "resolved": "https://registry.npmjs.org/react-dom/-/react-dom-18.2.0.tgz",
      "integrity": "sha512-6IMTriUmvsjHUjNtEDudZfuDQUoWXVxKHhlEGSk81n4YFS+r/Kl99wXiwlVXtPBtJenozv2P+hxDsw9eA7Xo6g==",
      "peer": true,
      "requires": {
        "loose-envify": "^1.1.0",
        "scheduler": "^0.23.0"
      }
    },
    "scheduler": {
      "version": "0.23.0",
      "resolved": "https://registry.npmjs.org/scheduler/-/scheduler-0.23.0.tgz",
      "integrity": "sha512-CtuThmgHNg7zIZWAXi3AsyIzA3n4xx7aNyjwC2VJldO2LMVDhFK+63xGqq6CsJH4rTAt6/M+N4GhZiDYPx9eUw==",
      "peer": true,
      "requires": {
        "loose-envify": "^1.1.0"
      }
    },
    "waterpipe": {
      "version": "2.7.3",
      "resolved": "https://registry.npmjs.org/waterpipe/-/waterpipe-2.7.3.tgz",
      "integrity": "sha512-TS25XGJ6/QzP5Loum5/PNMEetoFDnSCSN+Gh9NR49EAjBvaulKVm/YZcvzSzIy/MEuEVpF38xU69EUyOt4EzVw=="
    },
    "zeta-dom": {
      "version": "0.5.1",
      "resolved": "https://registry.npmjs.org/zeta-dom/-/zeta-dom-0.5.1.tgz",
      "integrity": "sha512-JRGWEnWHaoHdmCkWaGFr3IW2szUkCtAMNKdV0f+a/ozEx2fgoGX+sOo7YgOHXdNPFyhZH+/xQF8/zjdlhmxnww==",
      "requires": {
        "jquery": "^3.0.0",
        "promise-polyfill": "^8.2.0"
      }
    },
    "zeta-dom-react": {
      "version": "0.3.11",
      "resolved": "https://registry.npmjs.org/zeta-dom-react/-/zeta-dom-react-0.3.11.tgz",
      "integrity": "sha512-Z7QnVYBdMj7amc5UZnfbVBag5ty8hiBqV0oVD/hLej7UtqjkVAXTs0m/2c+bQSpcb9pbuc7LC6XeIyEuzJrsbw==",
      "requires": {
        "zeta-dom": ">=0.2.9"
      }
    }
  }
}
